# This file is automatically @generated by Poetry 2.2.1 and should not be changed by hand.

[[package]]
name = "annotated-doc"
version = "0.0.5"
description = "Document parameters, class attributes, return types, and variables inline, with Annotated."
optional = false
python-versions = ">=3.9"
groups = ["main"]
files = [
    {file = "annotated_doc-0.0.5-py3-none-any.whl", hash = "sha256:117bac03a25ede5df5440e855b32d556049ca169ead221505badf432fed4b101"},
    {file = "annotated_doc-0.0.5.tar.gz", hash = "sha256:c7e58ce09192557605d8bbd92836d7e1d520ac9580096042c0bfd197efacf1bb"},
]

[[package]]
name = "annotated-types"
version = "0.8.0"
description = "Reusable constraint types to use with typing.Annotated"
optional = false
python-versions = ">=3.10"
groups = ["main"]
files = [
    {file = "annotated_types-0.8.0-py3-none-any.whl", hash = "sha256:f072f4d804ea359e4eaf198b1af7a8b0943881a87f31bb764f8bf219bb9419e0"},
    {file = "annotated_types-0.8.0.tar.gz", hash = "sha256:13b2beaad985e05e2d6407ee4c4f35590b11f8d693a258a561055cac8f64cab7"},
]

[[package]]
name = "anyio"
version = "4.15.1"
description = "High-level concurrency and networking framework on top of asyncio or Trio"
optional = false
python-versions = ">=3.10"
groups = ["main"]
files = [
    {file = "anyio-4.15.1-py3-none-any.whl", hash = "sha256:6152fdbbf9a77fdec97731721bebf7c4c44f7c29b424b0065826173efc7ed101"},
    {file = "anyio-4.15.1.tar.gz", hash = "sha256:9f28306018cbd6d329e64a36d58256edff76dd996fe423bc957326e578b82a94"},
]

[package.dependencies]
idna = ">=2.8"
typing_extensions = {version = ">=4.16.0", markers = "python_version < \"3.15\""}

[package.extras]
trio = ["trio (>=0.32.0)"]

[[package]]
name = "click"
version = "8.5.0"
description = "Composable command line interface toolkit"
optional = false
python-versions = ">=3.10"
groups = ["main"]
files = [
    {file = "click-8.5.0-py3-none-any.whl", hash = "sha256:255bc9599cf7748b4b1a446ccc735421bd08a2ae529a8b88597d3de5664ee360"},
    {file = "click-8.5.0.tar.gz", hash = "sha256:ba0d2089de75ea0310e2dde03160e6ca10009947fb95a182f9b54021bb272e34"},
]

[[package]]
name = "dnspython"
version = "2.8.0"
description = "DNS toolkit"
optional = false
python-versions = ">=3.10"
groups = ["main"]
files = [
    {file = "dnspython-2.8.0-py3-none-any.whl", hash = "sha256:01d9bbc4a2d76bf0db7c1f729812ded6d912bd318d3b1cf81d30c0f845dbf3af"},
    {file = "dnspython-2.8.0.tar.gz", hash = "sha256:181d3c6996452cb1189c4046c61599b84a5a86e099562ffde77d26984ff26d0f"},
]

[package.extras]
dev = ["black (>=25.1.0)", "coverage (>=7.0)", "flake8 (>=7)", "hypercorn (>=0.17.0)", "mypy (>=1.17)", "pylint (>=3)", "pytest (>=8.4)", "pytest-cov (>=6.2.0)", "quart-trio (>=0.12.0)", "sphinx (>=8.2.0)", "sphinx-rtd-theme (>=3.0.0)", "twine (>=6.1.0)", "wheel (>=0.45.0)"]
dnssec = ["cryptography (>=45)"]
doh = ["h2 (>=4.2.0)", "httpcore (>=1.0.0)", "httpx (>=0.28.0)"]
doq = ["aioquic (>=1.2.0)"]
idna = ["idna (>=3.10)"]
trio = ["trio (>=0.30)"]
wmi = ["wmi (>=1.5.1) ; platform_system == \"Windows\""]

[[package]]
name = "fastapi"
version = "0.141.1"
description = "FastAPI framework, high performance, easy to learn, fast to code, ready for production"
optional = false
python-versions = ">=3.10"
groups = ["main"]
files = [
    {file = "fastapi-0.141.1-py3-none-any.whl", hash = "sha256:bfb91aa2d334c61cb35ba9a116fc123b3d3df31640b801cf57a7a78ec3f603b3"},
    {file = "fastapi-0.141.1.tar.gz", hash = "sha256:e8822fc40db1e1858054d7a949a888695bc9bdce70139178e33bd2871a453ca1"},
]

[package.dependencies]
annotated-doc = ">=0.0.2"
pydantic = ">=2.9.0"
starlette = ">=0.46.0"
typing-extensions = ">=4.8.0"
typing-inspection = ">=0.4.2"

[package.extras]
all = ["email-validator (>=2.0.0)", "fastapi-cli[standard] (>=0.0.32)", "httpx (>=0.23.0,<1.0.0)", "itsdangerous (>=1.1.0)", "jinja2 (>=3.1.5)", "pydantic-extra-types (>=2.0.0)", "pydantic-settings (>=2.0.0)", "python-multipart (>=0.0.18)", "pyyaml (>=5.3.1)", "uvicorn[standard] (>=0.12.0)"]
standard = ["email-validator (>=2.0.0)", "fastapi-cli[standard] (>=0.0.32)", "fastar (>=0.9.0)", "httpx (>=0.23.0,<1.0.0)", "jinja2 (>=3.1.5)", "pydantic-extra-types (>=2.0.0)", "pydantic-settings (>=2.0.0)", "python-multipart (>=0.0.18)", "uvicorn[standard] (>=0.12.0)"]
standard-no-fastapi-cloud-cli = ["email-validator (>=2.0.0)", "fastapi-cli[standard-no-fastapi-cloud-cli] (>=0.0.32)", "httpx (>=0.23.0,<1.0.0)", "jinja2 (>=3.1.5)", "pydantic-extra-types (>=2.0.0)", "pydantic-settings (>=2.0.0)", "python-multipart (>=0.0.18)", "uvicorn[standard] (>=0.12.0)"]

[[package]]
name = "h11"
version = "0.16.0"
description = "A pure-Python, bring-your-own-I/O implementation of HTTP/1.1"
optional = false
python-versions = ">=3.8"
groups = ["main"]
files = [
    {file = "h11-0.16.0-py3-none-any.whl", hash = "sha256:63cf8bbe7522de3bf65932fda1d9c2772064ffb3dae62d55932da54b31cb6c86"},
    {file = "h11-0.16.0.tar.gz", hash = "sha256:4e35b956cf45792e4caa5885e69fba00bdbc6ffafbfa020300e549b208ee5ff1"},
]

[[package]]
name = "idna"
version = "3.20"
description = "Internationalized Domain Names in Applications (IDNA)"
optional = false
python-versions = ">=3.9"
groups = ["main"]
files = [
    {file = "idna-3.20-py3-none-any.whl", hash = "sha256:ab7ae7122974553370f0bdb919e1a960b2cd1bc1ef0276416d896db81c14582c"},
    {file = "idna-3.20.tar.gz", hash = "sha256:a7db850025b95ded1eae8a46181a1a6c56c92c96f0e2b005d9ff8dc0210cab44"},
]

[package.extras]
all = ["coverage (>=7.10.0)", "hypothesis (>=6.141.1)", "mypy (>=1.11.2)", "pytest (>=8.3.2)", "ruff (>=0.16.0)", "ty (>=0.0.37)"]

[[package]]
name = "motor"
version = "3.7.1"
description = "Non-blocking MongoDB driver for Tornado or asyncio"
optional = false
python-versions = ">=3.9"
groups = ["main"]
files = [
    {file = "motor-3.7.1-py3-none-any.whl", hash = "sha256:8a63b9049e38eeeb56b4fdd57c3312a6d1f25d01db717fe7d82222393c410298"},
    {file = "motor-3.7.1.tar.gz", hash = "sha256:27b4d46625c87928f331a6ca9d7c51c2f518ba0e270939d395bc1ddc89d64526"},
]

[package.dependencies]
pymongo = ">=4.9,<5.0"

[package.extras]
aws = ["pymongo[aws] (>=4.5,<5)"]
docs = ["aiohttp", "furo (==2024.8.6)", "readthedocs-sphinx-search (>=0.3,<1.0)", "sphinx (>=5.3,<8)", "sphinx-rtd-theme (>=2,<3)", "tornado"]
encryption = ["pymongo[encryption] (>=4.5,<5)"]
gssapi = ["pymongo[gssapi] (>=4.5,<5)"]
ocsp = ["pymongo[ocsp] (>=4.5,<5)"]
snappy = ["pymongo[snappy] (>=4.5,<5)"]
test = ["aiohttp (>=3.8.7)", "cffi (>=1.17.0rc1) ; python_version == \"3.13\"", "mockupdb", "pymongo[encryption] (>=4.5,<5)", "pytest (>=7)", "pytest-asyncio", "tornado (>=5)"]
zstd = ["pymongo[zstd] (>=4.5,<5)"]

[[package]]
name = "pydantic"
version = "2.13.5"
description = "Data validation using Python type hints"
optional = false
python-versions = ">=3.9"
groups = ["main"]
files = [
    {file = "pydantic-2.13.5-py3-none-any.whl", hash = "sha256:346a034f080da3755d8e9cb5e00e8b07de1d39e4f6e2c87d8ab7cafa0b269a73"},
    {file = "pydantic-2.13.5.tar.gz", hash = "sha256:51a9c5f7b2f8e636f04c6cada605d9b6a3bf1348fdf945a3d8869b19bba0ee08"},
]

[package.dependencies]
annotated-types = ">=0.6.0"
pydantic-core = "2.46.5"
typing-extensions = ">=4.14.1"
typing-inspection = ">=0.4.2"

[package.extras]
email = ["email-validator (>=2.0.0)"]
timezone = ["tzdata ; python_version >= \"3.9\" and platform_system == \"Windows\""]

[[package]]
name = "pydantic-core"
version = "2.46.5"
description = "Core functionality for Pydantic validation and serialization"
optional = false
python-versions = ">=3.9"
groups = ["main"]
files = [
    {file = "pydantic_core-2.46.5-cp310-cp310-macosx_10_12_x86_64.whl", hash = "sha256:657b40d6240c0a7b6a64b30f22d1e3aa631c7e846c621b0c0f6d1d75e2e15ea6"},
    {file = "pydantic_core-2.46.5-cp310-cp310-macosx_11_0_arm64.whl", hash = "sha256:ecb42011e12ee19cafbc312887cbf3546959fe02fbad44f272d4be5baa997615"},
    {file = "pydantic_core-2.46.5-cp310-cp310-manylinux_2_17_aarch64.manylinux2014_aarch64.whl", hash = "sha256:4dedce55295becb61921e386b99d4f2706045306e7fa52249a33004c837379fb"},
    {file = "pydantic_core-2.46.5-cp310-cp310-manylinux_2_17_armv7l.manylinux2014_armv7l.whl", hash = "sha256:9f47b8a949e60f027f0aa0a6f6c7b7e9c55cbf4380d10b344e282fa4e7ab1e1b"},
    {file = "pydantic_core-2.46.5-cp310-cp310-manylinux_2_17_ppc64le.manylinux2014_ppc64le.whl", hash = "sha256:200aa3dc9f8d54f0754f43247c0bad0999fdcfbfd2488384dd44f37279271fe6"},
    {file = "pydantic_core-2.46.5-cp310-cp310-manylinux_2_17_s390x.manylinux2014_s390x.whl", hash = "sha256:6d30e1a4f138b8951063e9a394752a9179b51da288ffa507b1e659222f4c1793"},
    {file = "pydantic_core-2.46.5-cp310-cp310-manylinux_2_17_x86_64.manylinux2014_x86_64.whl", hash = "sha256:850a08d167dde16db8702c274f320c7be9d7da6f6dff2b58b18f9e815bd94f5b"},
    {file = "pydantic_core-2.46.5-cp310-cp310-manylinux_2_31_riscv64.whl", hash = "sha256:c3471e5c4a949c26ec00a77f01df59096aa9495877de76fd60a980f8ee6be461"},
    {file = "pydantic_core-2.46.5-cp310-cp310-manylinux_2_5_i686.manylinux1_i686.whl", hash = "sha256:3a3e26b6a8274211bddee2d0e4d0d42778f17a34510f49d2ec44b58abfc41736"},
    {file = "pydantic_core-2.46.5-cp310-cp310-musllinux_1_1_aarch64.whl", hash = "sha256:fc5d783bd4a2387e97b8a2d5ec781cfb92b3d893bf82370548e99db5915935d3"},
    {file = "pydantic_core-2.46.5-cp310-cp310-musllinux_1_1_armv7l.whl", hash = "sha256:356c8368cbc321050b169595683a2e1d63413b1e0e2868b330af9fc14c616d3f"},
    {file = "pydantic_core-2.46.5-cp310-cp310-musllinux_1_1_x86_64.whl", hash = "sha256:eb7d8d0e5886a89a55d2eef490e272fa965a9d57c6b29a5b5088a7997ec2cad1"},
    {file = "pydantic_core-2.46.5-cp310-cp310-win32.whl", hash = "sha256:4d44cf99ddebf875f9b68cc267aa684c99b7b44fe63ee1cac4ec163807290069"},
    {file = "pydantic_core-2.46.5-cp310-cp310-win_amd64.whl", hash = "sha256:1e5aad1220a1192c42341c8fd4a8686657e73ab2a920c970bdc4de334fe3193d"},
    {file = "pydantic_core-2.46.5-cp311-cp311-macosx_10_12_x86_64.whl", hash = "sha256:a1dee1b804ff4d11c663636cf15d2ea47e9f79cd56c033fb1cbf08924842a48f"},
    {file = "pydantic_core-2.46.5-cp311-cp311-macosx_11_0_arm64.whl", hash = "sha256:d625a186a65201c23a9e3b8ed9c47e90a026e03256608cc91851c6709096844f"},
    {file = "pydantic_core-2.46.5-cp311-cp311-manylinux_2_17_aarch64.manylinux2014_aarch64.whl", hash = "sha256:4f8507560a9284e1370bb048ed4282012fbef4e8d109875b95e884d228552061"},
    {file = "pydantic_core-2.46.5-cp311-cp311-manylinux_2_17_armv7l.manylinux2014_armv7l.whl", hash = "sha256:5f93c5fe914d75fbec9a49209b00da5f08e9e467d69da2b1510c81940cfd10be"},
    {file = "pydantic_core-2.46.5-cp311-cp311-manylinux_2_17_ppc64le.manylinux2014_ppc64le.whl", hash = "sha256:aca6c767f552b21b10f774aeac128e828eafb796adfa1b666a18bf6321453c3a"},
    {file = "pydantic_core-2.46.5-cp311-cp311-manylinux_2_17_s390x.manylinux2014_s390x.whl", hash = "sha256:701b2e04b560eeb4bddf7a25ab8ca476176e34fdbd9a0e18196f0d12d4685f0b"},
    {file = "pydantic_core-2.46.5-cp311-cp311-manylinux_2_17_x86_64.manylinux2014_x86_64.whl", hash = "sha256:49776eab08766a08dfff7012f8b422dcd7e25e43b316eedf0477c24fcfa84b7c"},
    {file = "pydantic_core-2.46.5-cp311-cp311-manylinux_2_31_riscv64.whl", hash = "sha256:a2468d93d181667a7abd66e1b64bb9f76f361b0fef8faddf687456453576f5ee"},
    {file = "pydantic_core-2.46.5-cp311-cp311-manylinux_2_5_i686.manylinux1_i686.whl", hash = "sha256:53feb344243bb9510a9dec7bf3cf1b64d88a98af5dc7872a5160465f8b198c8e"},
    {file = "pydantic_core-2.46.5-cp311-cp311-musllinux_1_1_aarch64.whl", hash = "sha256:cd5214352ae68f3b5e9af7768bdc5253695ee069675db3480518420b3be881f2"},
    {file = "pydantic_core-2.46.5-cp311-cp311-musllinux_1_1_armv7l.whl", hash = "sha256:9432f3598db432cb51c5b37fdbf29a60fcccc79e30d37a05022776a6bc4ab689"},
    {file = "pydantic_core-2.46.5-cp311-cp311-musllinux_1_1_x86_64.whl", hash = "sha256:8feeac04b5794e513e710af2f9c87d49f31a6dc47967bb264a1fed61a8989bec"},
    {file = "pydantic_core-2.46.5-cp311-cp311-win32.whl", hash = "sha256:892a881d5f68c2b9ea304b7a6c2c60d9343df578a311b0f86b94bc8f1ffe8129"},
    {file = "pydantic_core-2.46.5-cp311-cp311-win_amd64.whl", hash = "sha256:40375c2d05acec10323e45dfe2077ac44bc74659008614af5069034e2cfc781c"},
    {file = "pydantic_core-2.46.5-cp311-cp311-win_arm64.whl", hash = "sha256:28a6a556cd3b6066bea827857f9d9cce027c96f776e512f544a581f9e42161f8"},
    {file = "pydantic_core-2.46.5-cp312-cp312-macosx_10_12_x86_64.whl", hash = "sha256:b9fe6fb92520e3fd61f2e49000b6911b188824f089b75973ea06d6267f0b476d"},
    {file = "pydantic_core-2.46.5-cp312-cp312-macosx_11_0_arm64.whl", hash = "sha256:a39ac25a9a2fa4072efdb429833c4a4c8009a51ff9eea3eeae131713cd27991e"},
    {file = "pydantic_core-2.46.5-cp312-cp312-manylinux_2_17_aarch64.manylinux2014_aarch64.whl", hash = "sha256:4fdc8b93a41521988916eeaa271173fcca7fa0803d62f87675aac8dcec1c8e29"},
    {file = "pydantic_core-2.46.5-cp312-cp312-manylinux_2_17_armv7l.manylinux2014_armv7l.whl", hash = "sha256:b98134087d9de723658d17a42c7d0da8d6e2ef08015dee7dc93889047315f5e4"},
    {file = "pydantic_core-2.46.5-cp312-cp312-manylinux_2_17_ppc64le.manylinux2014_ppc64le.whl", hash = "sha256:e652ab17569c94bff5475520f907b7148b8c24036a8ebbe5cf7cf7493d28579a"},
    {file = "pydantic_core-2.46.5-cp312-cp312-manylinux_2_17_s390x.manylinux2014_s390x.whl", hash = "sha256:d925f3d9afd05a8c0fb3a1031463a8d59ebe5e2afad297e29c78be19e13b4e62"},
    {file = "pydantic_core-2.46.5-cp312-cp312-manylinux_2_17_x86_64.manylinux2014_x86_64.whl", hash = "sha256:0fc5be0abd4a407e200d844b404e33639a554e7bd0d448e7b9ae181be4789ac2"},
    {file = "pydantic_core-2.46.5-cp312-cp312-manylinux_2_31_riscv64.whl", hash = "sha256:816ff0a6550ffc06c098ccd2e0698600f9aa7da192a79eaa6f9af504a35db869"},
    {file = "pydantic_core-2.46.5-cp312-cp312-manylinux_2_5_i686.manylinux1_i686.whl", hash = "sha256:c7ea57fc63aa7da93a1bd2d644e6577befae10c52c4e36377635eea1056a74f5"},
    {file = "pydantic_core-2.46.5-cp312-cp312-musllinux_1_1_aarch64.whl", hash = "sha256:efd62a42486f1bda5d24cb4f63d15a3c7768375fe83d36f9417b4ad7a2fb20b3"},
    {file = "pydantic_core-2.46.5-cp312-cp312-musllinux_1_1_armv7l.whl", hash = "sha256:2bc9419666990c06d7397831f2126a1ecc3594aaa3ff7de5bf2d066802f4e07b"},
    {file = "pydantic_core-2.46.5-cp312-cp312-musllinux_1_1_x86_64.whl", hash = "sha256:18a09e1e1011b462f2e32774f25859ef1223d5c2b0546a633cf56654710721e0"},
    {file = "pydantic_core-2.46.5-cp312-cp312-win32.whl", hash = "sha256:5cb482e9e84c851f4e623fe4acc1ced89168cf1fe18f7089db4548c8f5bbb65b"},
    {file = "pydantic_core-2.46.5-cp312-cp312-win_amd64.whl", hash = "sha256:5e81740c09e310f5aa5cbd3e434a01c154d4bef93241c7877b39f211d2b78ba8"},
    {file = "pydantic_core-2.46.5-cp312-cp312-win_arm64.whl", hash = "sha256:f7b0ec93a2893de856652154d73b7ba622f26fa97726487dcac373de5f4c6084"},
    {file = "pydantic_core-2.46.5-cp313-cp313-macosx_10_12_x86_64.whl", hash = "sha256:b7ca9034437b6022f941f4857459562ee00a560b97e7cce8a0ec5a74fc6766e0"},
    {file = "pydantic_core-2.46.5-cp313-cp313-macosx_11_0_arm64.whl", hash = "sha256:f332f0e72a5a0400141f830744e141bf9f97917878dbe968669e8a7fefea78ff"},
    {file = "pydantic_core-2.46.5-cp313-cp313-manylinux_2_17_aarch64.manylinux2014_aarch64.whl", hash = "sha256:193375f3548919d3f0b60936ca113ada3e38f264f91b9b8e0508efaad57be931"},
    {file = "pydantic_core-2.46.5-cp313-cp313-manylinux_2_17_armv7l.manylinux2014_armv7l.whl", hash = "sha256:79bdfa52f843137045b2d081cc05c120ba6665d29b7559c2c47690906f39279f"},
    {file = "pydantic_core-2.46.5-cp313-cp313-manylinux_2_17_ppc64le.manylinux2014_ppc64le.whl", hash = "sha256:24922243639cbdac66c75fcb6fd6495a9cb52b213d62f9a0d16f0310b1ff8038"},
    {file = "pydantic_core-2.46.5-cp313-cp313-manylinux_2_17_s390x.manylinux2014_s390x.whl", hash = "sha256:c76fe65e607be28c7fd4d56fc3c42b1583aa058ce3408b7ad0fd540171d31f9f"},
    {file = "pydantic_core-2.46.5-cp313-cp313-manylinux_2_17_x86_64.manylinux2014_x86_64.whl", hash = "sha256:6f7b393a8b3da82f5c1fc0751e6d01ac6c55b93c18226a60bdfba4a724efafd1"},
    {file = "pydantic_core-2.46.5-cp313-cp313-manylinux_2_31_riscv64.whl", hash = "sha256:7ac031912d54f3d83ef3b3eb98dfabc1608802e2202263d25957eeed40b94761"},
    {file = "pydantic_core-2.46.5-cp313-cp313-manylinux_2_5_i686.manylinux1_i686.whl", hash = "sha256:837b396ca3d7b74091ca623f6cbd8351bd42d670a79c2683e79fb089f06a2de5"},
    {file = "pydantic_core-2.46.5-cp313-cp313-musllinux_1_1_aarch64.whl", hash = "sha256:5ee239d575f80b08eca11f6e20f90c4c695de7825c67eefe6091fbf20dda648e"},
    {file = "pydantic_core-2.46.5-cp313-cp313-musllinux_1_1_armv7l.whl", hash = "sha256:e80675d75ae2cd14372cb65cad5400d9347a3d3f6c13000183f22dfd027283ed"},
    {file = "pydantic_core-2.46.5-cp313-cp313-musllinux_1_1_x86_64.whl", hash = "sha256:9c4b71f10dd532fb7a5cbc8f58707779e64f03a258c2bf8bfbaecfcd9970b519"},
    {file = "pydantic_core-2.46.5-cp313-cp313-win32.whl", hash = "sha256:97bf8de4d541598c94a59344eeb988a94c08ff76b5723c41f6567ec18c7892ea"},
    {file = "pydantic_core-2.46.5-cp313-cp313-win_amd64.whl", hash = "sha256:15f4a94963c95accac15b7b657bb177d3ad82bb90b0d0526d9a9b85079925db5"},
    {file = "pydantic_core-2.46.5-cp313-cp313-win_arm64.whl", hash = "sha256:d22a945598fb91236b4dd793a6e42e4f3dd7740bb5aace5ebd7d4c08d13bb575"},
    {file = "pydantic_core-2.46.5-cp314-cp314-macosx_10_12_x86_64.whl", hash = "sha256:c1c43ad4339643d70ebb8124e1305a7dab423001eff58bb41a0f731adbc98355"},
    {file = "pydantic_core-2.46.5-cp314-cp314-macosx_11_0_arm64.whl", hash = "sha256:1a353f84de772f423b5ffb11d7ae352fbbef0f446f3c0b0af0f8236d7233606e"},
    {file = "pydantic_core-2.46.5-cp314-cp314-manylinux_2_17_aarch64.manylinux2014_aarch64.whl", hash = "sha256:5086029a57366b8cf81b130a43908738095c270c21a8d7f0e8bdfdb89718e2f3"},
    {file = "pydantic_core-2.46.5-cp314-cp314-manylinux_2_17_armv7l.manylinux2014_armv7l.whl", hash = "sha256:46c25dda9d092a06c08db76ffe0a197107904d0dfac653f7d5306bbcd6d6119c"},
    {file = "pydantic_core-2.46.5-cp314-cp314-manylinux_2_17_ppc64le.manylinux2014_ppc64le.whl", hash = "sha256:37ea7b83c935e5b0d68c9449b82651accf78a10828b2c02b2f2d9e9496446c21"},
    {file = "pydantic_core-2.46.5-cp314-cp314-manylinux_2_17_s390x.manylinux2014_s390x.whl", hash = "sha256:e64e88d5585bea9ce95861079de72006c7fa6d3df4e3a3b65ba31eb979c15c9f"},
    {file = "pydantic_core-2.46.5-cp314-cp314-manylinux_2_17_x86_64.manylinux2014_x86_64.whl", hash = "sha256:54d510bac3ee52247af28ed4bb18a1e799f040ac60fd2bf5ccd4c92f1fbe786f"},
    {file = "pydantic_core-2.46.5-cp314-cp314-manylinux_2_31_riscv64.whl", hash = "sha256:a2a5e1d0ff29adddc9f6d6821a66302e4493f8ca898b715b6b1182c2c201ea0a"},
    {file = "pydantic_core-2.46.5-cp314-cp314-manylinux_2_5_i686.manylinux1_i686.whl", hash = "sha256:03b9666e41e35d8909852ba191a0607520f81b74eaf12ccf8737005dbb313821"},
    {file = "pydantic_core-2.46.5-cp314-cp314-musllinux_1_1_aarch64.whl", hash = "sha256:a91c17edf6eea2402cb5457b4c89e99bc5ed1004aa34c4adf1d4258c1a5c22c2"},
    {file = "pydantic_core-2.46.5-cp314-cp314-musllinux_1_1_armv7l.whl", hash = "sha256:b49924c73a235e969511bf2aabdff3beebf9820931f646c80274d5d780010c47"},
    {file = "pydantic_core-2.46.5-cp314-cp314-musllinux_1_1_x86_64.whl", hash = "sha256:2cbd9a5eff05e51c447c34dfa4632145b26b09120cf04bd0c871e44c1a5e1c9a"},
    {file = "pydantic_core-2.46.5-cp314-cp314-win32.whl", hash = "sha256:2d5d76654becf5efd62c9e51c3756c67b49498b0c9a40884934c40807adbd074"},
    {file = "pydantic_core-2.46.5-cp314-cp314-win_amd64.whl", hash = "sha256:fa10ef4112775900e7a0661068635eb67b2ab824fbde764de6e0e21982a93db0"},
    {file = "pydantic_core-2.46.5-cp314-cp314-win_arm64.whl", hash = "sha256:045ab3b6d308439e32b81cc173bba5b9018bc6ed896afd0c65b3b009b1699af5"},
    {file = "pydantic_core-2.46.5-cp314-cp314t-macosx_10_12_x86_64.whl", hash = "sha256:8816f3d218beb4b787de5c9759c259b8fa61f9dec42dc7811f320a33771778b7"},
    {file = "pydantic_core-2.46.5-cp314-cp314t-macosx_11_0_arm64.whl", hash = "sha256:bce57638e08ac148e5778cce7feb968307a727d66f8e2274a543d0cf0c9ad6a3"},
    {file = "pydantic_core-2.46.5-cp314-cp314t-manylinux_2_17_aarch64.manylinux2014_aarch64.whl", hash = "sha256:976e1128455aa595ea04c79ccfedff1aaeab96ee013fcc916bed120c4f0ad94f"},
    {file = "pydantic_core-2.46.5-cp314-cp314t-manylinux_2_17_armv7l.manylinux2014_armv7l.whl", hash = "sha256:e7b891faeedeafba41b2983e5001a81b6a915b69544c7e7570d1989ce1c36ac7"},
    {file = "pydantic_core-2.46.5-cp314-cp314t-manylinux_2_17_ppc64le.manylinux2014_ppc64le.whl", hash = "sha256:5f194189415698233dd1114a093a9b56e61e2c57e11b469be3b0506f46f0771c"},
    {file = "pydantic_core-2.46.5-cp314-cp314t-manylinux_2_17_s390x.manylinux2014_s390x.whl", hash = "sha256:82a36973cf8a2ef5406f4fe2edbf8ed0c99629535d959e0b100c76a32535a111"},
    {file = "pydantic_core-2.46.5-cp314-cp314t-manylinux_2_17_x86_64.manylinux2014_x86_64.whl", hash = "sha256:cdbb78909f52b981d3b2d56b97328d71eb0b974c36bd77c920123a7ebb192829"},
    {file = "pydantic_core-2.46.5-cp314-cp314t-manylinux_2_31_riscv64.whl", hash = "sha256:52e24eacdb536cade636aa90fb851835222becff8484b7001fdc78cb0290f2aa"},
    {file = "pydantic_core-2.46.5-cp314-cp314t-manylinux_2_5_i686.manylinux1_i686.whl", hash = "sha256:37ae34309d7bd8c0d61ab839668058f2a7962ea1fc51d105d2db228fe0618034"},
    {file = "pydantic_core-2.46.5-cp314-cp314t-musllinux_1_1_aarch64.whl", hash = "sha256:0cdbada856a1c69a7624a64d3d9aefe79300bd6ef827b43a4f265010b9b55184"},
    {file = "pydantic_core-2.46.5-cp314-cp314t-musllinux_1_1_armv7l.whl", hash = "sha256:545f26c504b27c3758439a5e6d9349931f0a04f855668d5fe323c89e82300a38"},
    {file = "pydantic_core-2.46.5-cp314-cp314t-musllinux_1_1_x86_64.whl", hash = "sha256:ff218293c9c806138dca139765e3b067621be52bcd93cdc14c7711be7ddc90a9"},
    {file = "pydantic_core-2.46.5-cp314-cp314t-win32.whl", hash = "sha256:97cf3eb53a8cccacf9d46686a0926186c9bfb5574f2ed66d3639d5fe117cd3a9"},
    {file = "pydantic_core-2.46.5-cp314-cp314t-win_amd64.whl", hash = "sha256:d2f9fc07a8042a8f95925b35c4f04f469707c981fc33245b6ca187cf5d2dd290"},
    {file = "pydantic_core-2.46.5-cp314-cp314t-win_arm64.whl", hash = "sha256:acf8a67ba51f4ca9ddbd0e6b3000a65ac51ab734661778b3e7ba64d99a710f2f"},
    {file = "pydantic_core-2.46.5-cp39-cp39-macosx_10_12_x86_64.whl", hash = "sha256:c583b927a8838dab890706a6fa7573fbb8b70e24000ef9f7238e2d6f6435a5ed"},
    {file = "pydantic_core-2.46.5-cp39-cp39-macosx_11_0_arm64.whl", hash = "sha256:cdc8b74ecc48c0cb1e9607a05ec4e9e88db60a19ffcc9a1d5f9088ede40c8dc0"},
    {file = "pydantic_core-2.46.5-cp39-cp39-manylinux_2_17_aarch64.manylinux2014_aarch64.whl", hash = "sha256:8b10e3e8fd7ddc2bd915848a2768e44c15b22936f1cc54c462ad1164deb02655"},
    {file = "pydantic_core-2.46.5-cp39-cp39-manylinux_2_17_armv7l.manylinux2014_armv7l.whl", hash = "sha256:f077d0b97ab11fa7dcc633fca53515f290bca8a8a633e966d5b6d1879d9ed01a"},
    {file = "pydantic_core-2.46.5-cp39-cp39-manylinux_2_17_ppc64le.manylinux2014_ppc64le.whl", hash = "sha256:7b0fc826b16c55e561e5d2a0c5c77b051ba1d92808118c4e4b5390f5e0cf191d"},
    {file = "pydantic_core-2.46.5-cp39-cp39-manylinux_2_17_s390x.manylinux2014_s390x.whl", hash = "sha256:ef3fbbf161dc9351a2fe0422e51b129f9e97e42385bd0320b309c15f7d287dd8"},
    {file = "pydantic_core-2.46.5-cp39-cp39-manylinux_2_17_x86_64.manylinux2014_x86_64.whl", hash = "sha256:978e7b97d4824b5be09c69fb70507cbde3b0323fc147332ca40a94d9a6a0ebbf"},
    {file = "pydantic_core-2.46.5-cp39-cp39-manylinux_2_31_riscv64.whl", hash = "sha256:9b68938dd5b0c783d88ff8e2dcc69451b5eb936fe212d516b21b9d5567f6d464"},
    {file = "pydantic_core-2.46.5-cp39-cp39-manylinux_2_5_i686.manylinux1_i686.whl", hash = "sha256:771cf63ae0b1b50dd22e5f3e3549fab5f3f4ff1635d352a9e1a97fe01c7b2e64"},
    {file = "pydantic_core-2.46.5-cp39-cp39-musllinux_1_1_aarch64.whl", hash = "sha256:7c6be839a5a8312626b32029a415644a0846b420bc8b52b95b28cd92da162168"},
    {file = "pydantic_core-2.46.5-cp39-cp39-musllinux_1_1_armv7l.whl", hash = "sha256:895395f8918627b04efb1ad2a4cf605387143300ba03304cd1dfa6d03f5e095e"},
    {file = "pydantic_core-2.46.5-cp39-cp39-musllinux_1_1_x86_64.whl", hash = "sha256:fc8515076c11f3cfdf4fb142dcca0fe384b1230a3b5415458ac84f3e0903ec13"},
    {file = "pydantic_core-2.46.5-cp39-cp39-win32.whl", hash = "sha256:3d2652072b2d774947ba5cf78a9e59644ac62ee572daf6dd2e1dfe905e15b2b7"},
    {file = "pydantic_core-2.46.5-cp39-cp39-win_amd64.whl", hash = "sha256:3aa166e99c4f2985407fb8714aebede877ecb5455cf321b606adca926d30d5a0"},
    {file = "pydantic_core-2.46.5-graalpy311-graalpy242_311_native-macosx_10_12_x86_64.whl", hash = "sha256:c14ad3bdc85ee7f318742c457ca3968a92126d144b15721c759033bfb06296c2"},
    {file = "pydantic_core-2.46.5-graalpy311-graalpy242_311_native-macosx_11_0_arm64.whl", hash = "sha256:0bddb4020d8f04175865ccd17eff3040874fc11fb593f424edb452653b4b947c"},
    {file = "pydantic_core-2.46.5-graalpy311-graalpy242_311_native-manylinux_2_17_aarch64.manylinux2014_aarch64.whl", hash = "sha256:2471fd51c61c610e1dcf7de44d7299283661654d11264ab4802b303368d69c47"},
    {file = "pydantic_core-2.46.5-graalpy311-graalpy242_311_native-manylinux_2_17_x86_64.manylinux2014_x86_64.whl", hash = "sha256:b10ec717381bdbfafef34607824db4c91de69ff085e4fca3b2af91b4fa17e68a"},
    {file = "pydantic_core-2.46.5-graalpy312-graalpy250_312_native-macosx_10_12_x86_64.whl", hash = "sha256:013d6f3483d81e02e7c328831808f336c8596ee33b4bd4026b9ffb1e960b8942"},
    {file = "pydantic_core-2.46.5-graalpy312-graalpy250_312_native-macosx_11_0_arm64.whl", hash = "sha256:e9c134bb666dd54b778b9fc0d2b50cbb7f979b9e3716f26a88c9ab3b6fc1dd0f"},
    {file = "pydantic_core-2.46.5-graalpy312-graalpy250_312_native-manylinux_2_17_aarch64.manylinux2014_aarch64.whl", hash = "sha256:347ec774390c87326a2e4929d58d3f7e8763a104d5d35f4cd595a4c952366433"},
    {file = "pydantic_core-2.46.5-graalpy312-graalpy250_312_native-manylinux_2_17_x86_64.manylinux2014_x86_64.whl", hash = "sha256:8e24d8f05fa2d28513d94e877e9c75ad66175376209b3977f916e240e623193c"},
    {file = "pydantic_core-2.46.5-pp311-pypy311_pp73-macosx_10_12_x86_64.whl", hash = "sha256:ab4b66edffb32d9e951efb3814bd104b8367a7501b81b955cacb5726d897389f"},
    {file = "pydantic_core-2.46.5-pp311-pypy311_pp73-macosx_11_0_arm64.whl", hash = "sha256:337639ba62a11acde6ef3aeb08c8ea755f8ef1fe5e513356c0f36a2b0d7568b0"},
    {file = "pydantic_core-2.46.5-pp311-pypy311_pp73-manylinux_2_17_x86_64.manylinux2014_x86_64.whl", hash = "sha256:413a717a410d0c817ef5b786a059415550b3794e1d0c2abffd9efb93a3d9f7b4"},
    {file = "pydantic_core-2.46.5-pp311-pypy311_pp73-manylinux_2_5_i686.manylinux1_i686.whl", hash = "sha256:1e449def1945a462c464331254e5a44fca7c3b4f9aedf59ec2f50f8066dd8e25"},
    {file = "pydantic_core-2.46.5-pp311-pypy311_pp73-musllinux_1_1_aarch64.whl", hash = "sha256:a445486499897b88a7d6c310c88ed64dd37b1b59bfd7ae9107490bbb362f47d6"},
    {file = "pydantic_core-2.46.5-pp311-pypy311_pp73-musllinux_1_1_armv7l.whl", hash = "sha256:2d330aaba8621b1edcec8ae2c4050f63b84ccf6d98723a8f212e9684713abf0e"},
    {file = "pydantic_core-2.46.5-pp311-pypy311_pp73-musllinux_1_1_x86_64.whl", hash = "sha256:b6acfb46a814762367fb7ba0828b0a17d441b92ce249a0e007474c9072662dda"},
    {file = "pydantic_core-2.46.5-pp311-pypy311_pp73-win_amd64.whl", hash = "sha256:d0a24b40877af2de4950252be9d21eaf7fb07660f3c2cae1f56c6b599ada5266"},
    {file = "pydantic_core-2.46.5.tar.gz", hash = "sha256:10416c15b8839ecc4ef4d0885da76da6fd0f67333a0eb8aff6d93c4b8f2910fc"},
]

[package.dependencies]
typing-extensions = ">=4.14.1"

[[package]]
name = "pymongo"
version = "4.18.1"
description = "PyMongo - the Official MongoDB Python driver"
optional = false
python-versions = ">=3.9"
groups = ["main"]
files = [
    {file = "pymongo-4.18.1-cp310-cp310-macosx_10_9_x86_64.whl", hash = "sha256:054b0ba7c5f1c6ddeee058ae808d7aafab1b2d2278d81e70d8a81fbff8d85e0b"},
    {file = "pymongo-4.18.1-cp310-cp310-macosx_11_0_arm64.whl", hash = "sha256:d5893f41e2832cba8674f3b6cf22d39c0d432d80b7d55ad8ddc3dd1a83a1bf12"},
    {file = "pymongo-4.18.1-cp310-cp310-manylinux1_i686.manylinux_2_28_i686.manylinux_2_5_i686.whl", hash = "sha256:2a8fa93a1163a0ee54ff7e2c5c9dcbbcdc5097587ff95d085cf21ddc13c660a2"},
    {file = "pymongo-4.18.1-cp310-cp310-manylinux2014_aarch64.manylinux_2_17_aarch64.manylinux_2_28_aarch64.whl", hash = "sha256:9b97f849c86bd2ac7ce444275647472f8169022352f8c4df2dd002ed6ca1ff58"},
    {file = "pymongo-4.18.1-cp310-cp310-manylinux2014_ppc64le.manylinux_2_17_ppc64le.manylinux_2_28_ppc64le.whl", hash = "sha256:6efa17c81f431c3061856b29bcb329f8a15200d56c15796720ba89767409cc7a"},
    {file = "pymongo-4.18.1-cp310-cp310-manylinux2014_s390x.manylinux_2_17_s390x.manylinux_2_28_s390x.whl", hash = "sha256:2978698a30e8384abbc37ee0095a9d1c6e9d91462aacb0ac1ec4d6b672a2c478"},
    {file = "pymongo-4.18.1-cp310-cp310-manylinux2014_x86_64.manylinux_2_17_x86_64.manylinux_2_28_x86_64.whl", hash = "sha256:06d7c9f6388552b1c2b6ba6ea9f60bce1d4cc9c6f5c5e5d103fee7cdd20bdcdb"},
    {file = "pymongo-4.18.1-cp310-cp310-win32.whl", hash = "sha256:84b5683b644a6123fc37a1d3bb1dda5acc5a855823b044232b1957ff1c31a049"},
    {file = "pymongo-4.18.1-cp310-cp310-win_amd64.whl", hash = "sha256:2e50d92eab42a417d503556c9f8e03240dddaa21ea343c4b654d714e9928711d"},
    {file = "pymongo-4.18.1-cp310-cp310-win_arm64.whl", hash = "sha256:97e45de5402a3fa63e010e16f5fe00d38f31ff66291a2352aa0d254bbcf2119a"},
    {file = "pymongo-4.18.1-cp311-cp311-macosx_10_9_x86_64.whl", hash = "sha256:618cab1b693ef0561fb7682ecf1f6044da1fefac0d96efc2e2f19b939f276e9f"},
    {file = "pymongo-4.18.1-cp311-cp311-macosx_11_0_arm64.whl", hash = "sha256:dbfed8f6b312c6c110495d6ead2b0da1252cc7bd01029700f08e336036f023ee"},
    {file = "pymongo-4.18.1-cp311-cp311-manylinux1_i686.manylinux_2_28_i686.manylinux_2_5_i686.whl", hash = "sha256:d3f7e608db9a9dcdfb1f97cfec19642bc912f85d3b7a9550c4431c7c87ebe672"},
    {file = "pymongo-4.18.1-cp311-cp311-manylinux2014_aarch64.manylinux_2_17_aarch64.manylinux_2_28_aarch64.whl", hash = "sha256:2c8e113867a9ad1eb1c28d2c21fbc896dac1d8a246be802151ea37d801233c73"},
    {file = "pymongo-4.18.1-cp311-cp311-manylinux2014_ppc64le.manylinux_2_17_ppc64le.manylinux_2_28_ppc64le.whl", hash = "sha256:1c3af67eeff3994ecbe63c711f76e6eb6a7212bc92c3e89f220ba9addd24e1c1"},
    {file = "pymongo-4.18.1-cp311-cp311-manylinux2014_s390x.manylinux_2_17_s390x.manylinux_2_28_s390x.whl", hash = "sha256:060e3494e7db52bc08bf27b5d7e1920a15b953d649f10c7c71dd68b4a2dac564"},
    {file = "pymongo-4.18.1-cp311-cp311-manylinux2014_x86_64.manylinux_2_17_x86_64.manylinux_2_28_x86_64.whl", hash = "sha256:bb327d3555ac4fbd0da657ea3741812b3a1e61e4603bd121298381f5ff5ac396"},
    {file = "pymongo-4.18.1-cp311-cp311-win32.whl", hash = "sha256:200d873d4972bbc136831a489fbad7631c63503212711b5206037ef8792f1ac8"},
    {file = "pymongo-4.18.1-cp311-cp311-win_amd64.whl", hash = "sha256:afe2b10be8aee035644e5559af5fc54c290365cd4e5e38e657aa119b8e9acccc"},
    {file = "pymongo-4.18.1-cp311-cp311-win_arm64.whl", hash = "sha256:7c830b5fdf2d0db8e217a12e076c7e9d2ba25e17ac6b6c7169324bbd63800ab7"},
    {file = "pymongo-4.18.1-cp312-cp312-macosx_10_13_x86_64.whl", hash = "sha256:2869a54f0be27fc4dbc5967e5dc30b29328916925f0c704aa75e74c4349fc79b"},
    {file = "pymongo-4.18.1-cp312-cp312-macosx_11_0_arm64.whl", hash = "sha256:58a70d491d872b64b0797581bb5f713965cdb822a5f52627869c3e99c1363021"},
    {file = "pymongo-4.18.1-cp312-cp312-manylinux1_i686.manylinux_2_28_i686.manylinux_2_5_i686.whl", hash = "sha256:3275caec57b76b9e4948c677491d9d5771bf1748afac3d2d7e3242067e264571"},
    {file = "pymongo-4.18.1-cp312-cp312-manylinux2014_aarch64.manylinux_2_17_aarch64.manylinux_2_28_aarch64.whl", hash = "sha256:4f3625ade4a66327a7ffd7a5742be1b2f15fae5399d2c394d79709420c1482b8"},
    {file = "pymongo-4.18.1-cp312-cp312-manylinux2014_ppc64le.manylinux_2_17_ppc64le.manylinux_2_28_ppc64le.whl", hash = "sha256:905de2265c70365354f920227c9642cd33891a4b077a8f13b190665a51567c9d"},
    {file = "pymongo-4.18.1-cp312-cp312-manylinux2014_s390x.manylinux_2_17_s390x.manylinux_2_28_s390x.whl", hash = "sha256:2653a7df66ac73c18cd0aead309e5585805a432d332efe242540d5e78b01036c"},
    {file = "pymongo-4.18.1-cp312-cp312-manylinux2014_x86_64.manylinux_2_17_x86_64.manylinux_2_28_x86_64.whl", hash = "sha256:438171ed19d62a1756db397ee5ba61429d6e9811188394f5aa775a0738327554"},
    {file = "pymongo-4.18.1-cp312-cp312-win32.whl", hash = "sha256:26128b99e50840597431a9c6b01641a225fd5636474d230ec5e174d00a0feb55"},
    {file = "pymongo-4.18.1-cp312-cp312-win_amd64.whl", hash = "sha256:f267d11333ecb19af9b30458fc14e71f2adb131bde0b3a4fe6f63be7ea9a5e6a"},
    {file = "pymongo-4.18.1-cp312-cp312-win_arm64.whl", hash = "sha256:46740b56e206d4703ac7aad05c9a72177c16854c6364bec4cd3b55d0e79a1adf"},
    {file = "pymongo-4.18.1-cp313-cp313-macosx_10_13_x86_64.whl", hash = "sha256:4a787cd29b6bc5735ced10aba4ec052d4ef2d2a82b4875efa8539ecd635e720b"},
    {file = "pymongo-4.18.1-cp313-cp313-macosx_11_0_arm64.whl", hash = "sha256:d1e63d2f8770f0cfb74c7c3fbe35c6b2828f27a16395a7c4019c81451e61489e"},
    {file = "pymongo-4.18.1-cp313-cp313-manylinux1_i686.manylinux_2_28_i686.manylinux_2_5_i686.whl", hash = "sha256:305877cd97e4344fde699c8721e4cc9890a689990bd1a1783eb5d0946e093d13"},
    {file = "pymongo-4.18.1-cp313-cp313-manylinux2014_aarch64.manylinux_2_17_aarch64.manylinux_2_28_aarch64.whl", hash = "sha256:fbef9ef64cdae97e85b27cf00e203a26a016f7c803dc9bd0ccd48b3adade1232"},
    {file = "pymongo-4.18.1-cp313-cp313-manylinux2014_ppc64le.manylinux_2_17_ppc64le.manylinux_2_28_ppc64le.whl", hash = "sha256:f0a6b59282941d2f6f62acf35fb75bae371d3194ab041f0358446668f9df10be"},
    {file = "pymongo-4.18.1-cp313-cp313-manylinux2014_s390x.manylinux_2_17_s390x.manylinux_2_28_s390x.whl", hash = "sha256:1eaed0c72bba39fa42e6167636d56587e30cdab13ec3178a68ac85bee093d44b"},
    {file = "pymongo-4.18.1-cp313-cp313-manylinux2014_x86_64.manylinux_2_17_x86_64.manylinux_2_28_x86_64.whl", hash = "sha256:55309ea9f6d8f697618f12f1ea2b643f26df434de043cd5de6f96426093011b3"},
    {file = "pymongo-4.18.1-cp313-cp313-win32.whl", hash = "sha256:4ebb5a6a42a1512a86f774ca517b4b56aacd0ccbde535d787cfd9789c5905e2a"},
    {file = "pymongo-4.18.1-cp313-cp313-win_amd64.whl", hash = "sha256:1a78dec1c10eaae298aefc6cd7ad916ca2ceeb51f8ff7946dddbca97adf9ed0c"},
    {file = "pymongo-4.18.1-cp313-cp313-win_arm64.whl", hash = "sha256:aff3582edd807980e0f910cc20b3f588b8c5533556b0aeb3f33d88c7681f9b21"},
    {file = "pymongo-4.18.1-cp314-cp314-macosx_10_15_x86_64.whl", hash = "sha256:67d56552a940d3553024fdf39535975c4de2ff5b82cf20287ba1ffef028f004b"},
    {file = "pymongo-4.18.1-cp314-cp314-macosx_11_0_arm64.whl", hash = "sha256:ae18db68105a0ba7adc190a13cbd73e6c87593bc55a336719f70ad042aa66aaf"},
    {file = "pymongo-4.18.1-cp314-cp314-manylinux1_i686.manylinux_2_28_i686.manylinux_2_5_i686.whl", hash = "sha256:4541273796aa3022b39de892e265aac4a437adcc6e4894396c23258d990f8c97"},
    {file = "pymongo-4.18.1-cp314-cp314-manylinux2014_aarch64.manylinux_2_17_aarch64.manylinux_2_28_aarch64.whl", hash = "sha256:0c3f52a1a793262ef1af15b36535220d194b3ad5ce7564f98c15f3881ffbc269"},
    {file = "pymongo-4.18.1-cp314-cp314-manylinux2014_ppc64le.manylinux_2_17_ppc64le.manylinux_2_28_ppc64le.whl", hash = "sha256:ab33db087dc52f8f28bdb8680682ebc8fc5fb0be84e89a0853a8dc059fcc06a8"},
    {file = "pymongo-4.18.1-cp314-cp314-manylinux2014_s390x.manylinux_2_17_s390x.manylinux_2_28_s390x.whl", hash = "sha256:173a69caa539731284a815ee2fd616442431d12e8c84d970f3cc555d9ac5ef81"},
    {file = "pymongo-4.18.1-cp314-cp314-manylinux2014_x86_64.manylinux_2_17_x86_64.manylinux_2_28_x86_64.whl", hash = "sha256:8b46ef2de0b077a2c708790e9ced5c8afb5b9deef1cacba28e8d9a90027e86d2"},
    {file = "pymongo-4.18.1-cp314-cp314-win32.whl", hash = "sha256:d9be9221bf2db1562d490bb67522ce2f7378513bc8bcc157e824a0bb3d87eba0"},
    {file = "pymongo-4.18.1-cp314-cp314-win_amd64.whl", hash = "sha256:134a8f787360c3cea18cbbc126bf51cd233f1789db8099f7081ace5b1cff7e22"},
    {file = "pymongo-4.18.1-cp314-cp314-win_arm64.whl", hash = "sha256:088e78ab7340d7ab4c14cd7a96852f9ea3b51c25fc9fb02244715d21f57ec2e5"},
    {file = "pymongo-4.18.1-cp314-cp314t-macosx_10_15_x86_64.whl", hash = "sha256:9bf92d46b15fb8fcfcd517442b0b90055924d835fef77e574ff4678b40be49ce"},
    {file = "pymongo-4.18.1-cp314-cp314t-macosx_11_0_arm64.whl", hash = "sha256:58c3392585c5823ad90e318b6e7c0fb0709763631fb06d81de45166a1844ea18"},
    {file = "pymongo-4.18.1-cp314-cp314t-manylinux1_i686.manylinux_2_28_i686.manylinux_2_5_i686.whl", hash = "sha256:4b8f7b212ab86552db2f35b2779cc290561a341b73fba1ab1030ed9d48e1b1e5"},
    {file = "pymongo-4.18.1-cp314-cp314t-manylinux2014_aarch64.manylinux_2_17_aarch64.manylinux_2_28_aarch64.whl", hash = "sha256:b2ef166249993afd94b704bd25af27104fccb259580960a41355f8d7869496ed"},
    {file = "pymongo-4.18.1-cp314-cp314t-manylinux2014_ppc64le.manylinux_2_17_ppc64le.manylinux_2_28_ppc64le.whl", hash = "sha256:adebc03de2d1520bb163953361779288316e4e9c4b66fe4ce9e91d4183e313b8"},
    {file = "pymongo-4.18.1-cp314-cp314t-manylinux2014_s390x.manylinux_2_17_s390x.manylinux_2_28_s390x.whl", hash = "sha256:a9ae9c28e6c290c2524c3288a0a6e27dca958daeeaba2f36a6a4ee97c44e5f49"},
    {file = "pymongo-4.18.1-cp314-cp314t-manylinux2014_x86_64.manylinux_2_17_x86_64.manylinux_2_28_x86_64.whl", hash = "sha256:5907ccdcc2f7925100b4bed8069acd0d93156e5cf013a8e15aa5932819ce3d5e"},
    {file = "pymongo-4.18.1-cp314-cp314t-win32.whl", hash = "sha256:9da74b79e382bb37311b9bd5beb89f1369a1c3e27e7c97bae79661cfdf3893aa"},
    {file = "pymongo-4.18.1-cp314-cp314t-win_amd64.whl", hash = "sha256:016d21e7fbf55ac89f419daa48da95314896205d902ed9aa4058f26a436e789c"},
    {file = "pymongo-4.18.1-cp314-cp314t-win_arm64.whl", hash = "sha256:960c61ed86a316d3636b1f184006d3cc2b972b8546186ae8e2c8324e397632ff"},
    {file = "pymongo-4.18.1-cp39-cp39-macosx_10_9_x86_64.whl", hash = "sha256:2a4f25e078e36dfc3bd4c933c5665dfb2374f794e2aa68601e98181372f59714"},
    {file = "pymongo-4.18.1-cp39-cp39-macosx_11_0_arm64.whl", hash = "sha256:bfc19d3f4e095f354dac1389ef099376a6ee9394b3259f6281c9e68f85ccc029"},
    {file = "pymongo-4.18.1-cp39-cp39-manylinux1_i686.manylinux_2_28_i686.manylinux_2_5_i686.whl", hash = "sha256:e99d8a30d3043a3daa2e75d80ab99283472ecbd98fc5b4e4c1cd79dd285a9748"},
    {file = "pymongo-4.18.1-cp39-cp39-manylinux2014_aarch64.manylinux_2_17_aarch64.manylinux_2_28_aarch64.whl", hash = "sha256:5da669d4ff5068c4b056ad7a43cb02620c285bef054c3577b65a4b51289ea512"},
    {file = "pymongo-4.18.1-cp39-cp39-manylinux2014_ppc64le.manylinux_2_17_ppc64le.manylinux_2_28_ppc64le.whl", hash = "sha256:ba651c604fee5bbb7021b79dd73da12e834c661a449a2d6140f4574e6e3a897e"},
    {file = "pymongo-4.18.1-cp39-cp39-manylinux2014_s390x.manylinux_2_17_s390x.manylinux_2_28_s390x.whl", hash = "sha256:98b99909ae51e8f61dcad4ef125b204fa3d0a493567253b0dd8f666d706fbffb"},
    {file = "pymongo-4.18.1-cp39-cp39-manylinux2014_x86_64.manylinux_2_17_x86_64.manylinux_2_28_x86_64.whl", hash = "sha256:70da34fc21099c084741c6318c435e1358db8f4492668b5ad21d8c5d146b0741"},
    {file = "pymongo-4.18.1-cp39-cp39-win32.whl", hash = "sha256:941ec8fc2d32e88c3603c36ccfd2f7fc44f89d31519ca1388615257b634f68f3"},
    {file = "pymongo-4.18.1-cp39-cp39-win_amd64.whl", hash = "sha256:ea4b0017c24695404848570c4001ea34756f0c4739042e49f02cf0b8fb7e3a47"},
    {file = "pymongo-4.18.1-cp39-cp39-win_arm64.whl", hash = "sha256:a9a4f4638b038bfc2cc787aaefd390ee6617985dab6745b7969261e30ce167bd"},
    {file = "pymongo-4.18.1.tar.gz", hash = "sha256:d04134ff4ea0e7d14b6e2ef23dbfe06112a99318c9578b213d2dee9060b23dce"},
]

[package.dependencies]
dnspython = ">=2.7.0,<3.0.0"

[package.extras]
aws = ["pymongo-auth-aws (>=1.3.0,<2.0.0)"]
docs = ["furo (==2025.12.19)", "readthedocs-sphinx-search (>=0.3,<1.0)", "sphinx (>=5.3,<9)", "sphinx-autobuild (>=2024.10.3)", "sphinx-rtd-theme (>=3.1.0,<4)", "sphinxcontrib-shellcheck (>=1.1.2,<2)"]
encryption = ["certifi (>=2023.7.22) ; os_name == \"nt\" or sys_platform == \"darwin\"", "pymongo-auth-aws (>=1.3.0,<2.0.0)", "pymongocrypt (>=1.18.1,<2.0.0)"]
gssapi = ["pykerberos (>=1.2.4) ; os_name != \"nt\"", "winkerberos (>=0.12.2) ; os_name == \"nt\""]
ocsp = ["certifi (>=2023.7.22) ; os_name == \"nt\" or sys_platform == \"darwin\"", "cryptography (>=47.0.0)", "pyopenssl (>=26.2.0)", "requests (>=2.23.0,<3.0)", "service-identity (>=24.2.0)"]
snappy = ["python-snappy (>=0.7.3)"]
test = ["importlib-metadata (>=7.0) ; python_version < \"3.13\"", "pytest (>=8.2)", "pytest-asyncio (>=0.24.0)"]
zstd = ["backports-zstd (>=1.0.0) ; python_version < \"3.14\""]

[[package]]
name = "python-dotenv"
version = "1.2.3"
description = "Read key-value pairs from a .env file and set them as environment variables"
optional = false
python-versions = ">=3.10"
groups = ["main"]
files = [
    {file = "python_dotenv-1.2.3-py3-none-any.whl", hash = "sha256:904552145e8bfed22162c09dab1c2b9b54fefa7b23ba780f4f26ca0316b0f0d9"},
    {file = "python_dotenv-1.2.3.tar.gz", hash = "sha256:a20a594dabeaa385725aa239d5244871c143ecb356add8a20fcf23773a6c3a35"},
]

[package.extras]
cli = ["click (>=5.0)"]

[[package]]
name = "python-multipart"
version = "0.0.32"
description = "A streaming multipart parser for Python"
optional = false
python-versions = ">=3.10"
groups = ["main"]
files = [
    {file = "python_multipart-0.0.32-py3-none-any.whl", hash = "sha256:ff6d3f776f16878c894e52e107296ffc890e913c611b1a4ec6c44e2821fe2e23"},
    {file = "python_multipart-0.0.32.tar.gz", hash = "sha256:be54b7f3fa167bb83e4fcd936b887b708f4e57fe75911c02aebf53efaf8d938e"},
]

[[package]]
name = "starlette"
version = "1.6.0"
description = "The little ASGI library that shines."
optional = false
python-versions = ">=3.10"
groups = ["main"]
files = [
    {file = "starlette-1.6.0-py3-none-any.whl", hash = "sha256:a86dd39d14bb45f85a3d18525215a9ef0cfd1f192ac793220e72598c90335f0c"},
    {file = "starlette-1.6.0.tar.gz", hash = "sha256:d4e3ac5e546444960c710297a3c9fc3f7ebae1b7e963f3d36173b49da535be9b"},
]

[package.dependencies]
anyio = ">=3.6.2,<5"
typing-extensions = {version = ">=4.10.0", markers = "python_version < \"3.13\""}

[package.extras]
full = ["httpx (>=0.27.0,<0.29.0)", "httpx2 (>=2.0.0)", "itsdangerous", "jinja2", "python-multipart (>=0.0.18)", "pyyaml"]

[[package]]
name = "typing-extensions"
version = "4.16.0"
description = "Backported and Experimental Type Hints for Python 3.9+"
optional = false
python-versions = ">=3.9"
groups = ["main"]
files = [
    {file = "typing_extensions-4.16.0-py3-none-any.whl", hash = "sha256:481caa481374e813c1b176ada14e97f1f67a4539ce9cfeb3f350d78d6370c2e8"},
    {file = "typing_extensions-4.16.0.tar.gz", hash = "sha256:dc983d19a509c94dba722ee6abd33940f7c05a89e243c47e907eb4db6f1a43e5"},
]

[[package]]
name = "typing-inspection"
version = "0.4.4"
description = "Runtime typing introspection tools"
optional = false
python-versions = ">=3.10"
groups = ["main"]
files = [
    {file = "typing_inspection-0.4.4-py3-none-any.whl", hash = "sha256:65b8397ba37ccbce054456aaccddfc91e6e3083c92824df348d96ca832f3f147"},
    {file = "typing_inspection-0.4.4.tar.gz", hash = "sha256:547274fa6b0a561ccf549cc9524b999a578e737d015d8709d021f9d0d13bea47"},
]

[package.dependencies]
typing-extensions = ">=4.15.0"

[[package]]
name = "uvicorn"
version = "0.53.0"
description = "The lightning-fast ASGI server."
optional = false
python-versions = ">=3.10"
groups = ["main"]
files = [
    {file = "uvicorn-0.53.0-py3-none-any.whl", hash = "sha256:e8dca71ec86dce5f04e333f0d56cdedf942446e6643b9cea1af0d6d3a02cb03e"},
    {file = "uvicorn-0.53.0.tar.gz", hash = "sha256:a9356f0cb89b3b8621529c5d5eebd69bfe154f4c3f68b4cf2de47e45fa855c2e"},
]

[package.dependencies]
click = ">=7.0"
h11 = ">=0.8"

[package.extras]
standard = ["httptools (>=0.8.0)", "python-dotenv (>=0.13)", "pyyaml (>=5.1)", "uvloop (>=0.15.1) ; sys_platform != \"win32\" and sys_platform != \"cygwin\" and platform_python_implementation != \"PyPy\"", "watchfiles (>=0.20)", "websockets (>=13.0)"]

[metadata]
lock-version = "2.1"
python-versions = ">=3.12"
content-hash = "93a8819c3a4e6af9068007fdb46e74551b05dbda4b46d049a6ba73549da9fb87"
